
Microsoft Visual Studio Solution File, Format Version 12.00
# Visual Studio 14
VisualStudioVersion = 14.0.23107.0
MinimumVisualStudioVersion = 10.0.40219.1
Project("{FAE04EC0-301F-11D3-BF4B-00C04F79EFBC}") = "Hemtenta_Malin_Classon", "Hemtenta_Malin_Classon\Hemtenta_Malin_Classon.csproj", "{C707BD0D-DF34-489D-9215-BAE69BC9DECA}"
EndProject
Project("{FAE04EC0-301F-11D3-BF4B-00C04F79EFBC}") = "Hemtenta_Test", "Hemtenta_Test\Hemtenta_Test.csproj", "{8FC7011F-DB73-46EC-BE67-00F7CEF2651F}"
EndProject
Global
	GlobalSection(SolutionConfigurationPlatforms) = preSolution
		Debug|Any CPU = Debug|Any CPU
		Release|Any CPU = Release|Any CPU
	EndGlobalSection
	GlobalSection(ProjectConfigurationPlatforms) = postSolution
		{C707BD0D-DF34-489D-9215-BAE69BC9DECA}.Debug|Any CPU.ActiveCfg = Debug|Any CPU
		{C707BD0D-DF34-489D-9215-BAE69BC9DECA}.Debug|Any CPU.Build.0 = Debug|Any CPU
		{C707BD0D-DF34-489D-9215-BAE69BC9DECA}.Release|Any CPU.ActiveCfg = Release|Any CPU
		{C707BD0D-DF34-489D-9215-BAE69BC9DECA}.Release|Any CPU.Build.0 = Release|Any CPU
		{8FC7011F-DB73-46EC-BE67-00F7CEF2651F}.Debug|Any CPU.ActiveCfg = Debug|Any CPU
		{8FC7011F-DB73-46EC-BE67-00F7CEF2651F}.Debug|Any CPU.Build.0 = Debug|Any CPU
		{8FC7011F-DB73-46EC-BE67-00F7CEF2651F}.Release|Any CPU.ActiveCfg = Release|Any CPU
		{8FC7011F-DB73-46EC-BE67-00F7CEF2651F}.Release|Any CPU.Build.0 = Release|Any CPU
	EndGlobalSection
	GlobalSection(SolutionProperties) = preSolution
		HideSolutionNode = FALSE
	EndGlobalSection
EndGlobal
